
Microsoft Visual Studio Solution File, Format Version 11.00
# Visual Studio 2010
Project("{8BC9CEB8-8B4A-11D0-8D11-00A0C91BC942}") = "openCV_FaceTracking", "openCV_FaceTracking\openCV_FaceTracking.vcxproj", "{FC1E5B65-CC83-4C18-B7C1-11C9B895BE51}"
EndProject
Global
	GlobalSection(SolutionConfigurationPlatforms) = preSolution
		Debug|Win32 = Debug|Win32
		Release|Win32 = Release|Win32
	EndGlobalSection
	GlobalSection(ProjectConfigurationPlatforms) = postSolution
		{FC1E5B65-CC83-4C18-B7C1-11C9B895BE51}.Debug|Win32.ActiveCfg = Debug|Win32
		{FC1E5B65-CC83-4C18-B7C1-11C9B895BE51}.Debug|Win32.Build.0 = Debug|Win32
		{FC1E5B65-CC83-4C18-B7C1-11C9B895BE51}.Release|Win32.ActiveCfg = Release|Win32
		{FC1E5B65-CC83-4C18-B7C1-11C9B895BE51}.Release|Win32.Build.0 = Release|Win32
	EndGlobalSection
	GlobalSection(SolutionProperties) = preSolution
		HideSolutionNode = FALSE
	EndGlobalSection
EndGlobal
